
Microsoft Visual Studio Solution File, Format Version 12.00
Project("{FAE04EC0-301F-11D3-BF4B-00C04F79EFBC}") = "Shared", "Shared\Shared.csproj", "{7EA9D3ED-5C60-4D0F-8ED4-99F8BE97CD26}"
EndProject
Project("{FAE04EC0-301F-11D3-BF4B-00C04F79EFBC}") = "OrderService", "OrderService\OrderService.csproj", "{3D144D05-174C-4D2B-B0B7-07477DFCEB7C}"
EndProject
Project("{FAE04EC0-301F-11D3-BF4B-00C04F79EFBC}") = "ProcessingService", "ProcessingService\ProcessingService.csproj", "{05A1A12F-4E89-4C7C-BDC8-067B8C375283}"
EndProject
Project("{FAE04EC0-301F-11D3-BF4B-00C04F79EFBC}") = "AuthenticationService", "AuthenticationService\AuthenticationService.csproj", "{C31AA7DB-756D-473B-BD66-E1248DC174A0}"
EndProject
Global
	GlobalSection(SolutionConfigurationPlatforms) = preSolution
		Debug|Any CPU = Debug|Any CPU
		Release|Any CPU = Release|Any CPU
	EndGlobalSection
	GlobalSection(ProjectConfigurationPlatforms) = postSolution
		{7EA9D3ED-5C60-4D0F-8ED4-99F8BE97CD26}.Debug|Any CPU.ActiveCfg = Debug|Any CPU
		{7EA9D3ED-5C60-4D0F-8ED4-99F8BE97CD26}.Debug|Any CPU.Build.0 = Debug|Any CPU
		{7EA9D3ED-5C60-4D0F-8ED4-99F8BE97CD26}.Release|Any CPU.ActiveCfg = Release|Any CPU
		{7EA9D3ED-5C60-4D0F-8ED4-99F8BE97CD26}.Release|Any CPU.Build.0 = Release|Any CPU
		{3D144D05-174C-4D2B-B0B7-07477DFCEB7C}.Debug|Any CPU.ActiveCfg = Debug|Any CPU
		{3D144D05-174C-4D2B-B0B7-07477DFCEB7C}.Debug|Any CPU.Build.0 = Debug|Any CPU
		{3D144D05-174C-4D2B-B0B7-07477DFCEB7C}.Release|Any CPU.ActiveCfg = Release|Any CPU
		{3D144D05-174C-4D2B-B0B7-07477DFCEB7C}.Release|Any CPU.Build.0 = Release|Any CPU
		{05A1A12F-4E89-4C7C-BDC8-067B8C375283}.Debug|Any CPU.ActiveCfg = Debug|Any CPU
		{05A1A12F-4E89-4C7C-BDC8-067B8C375283}.Debug|Any CPU.Build.0 = Debug|Any CPU
		{05A1A12F-4E89-4C7C-BDC8-067B8C375283}.Release|Any CPU.ActiveCfg = Release|Any CPU
		{05A1A12F-4E89-4C7C-BDC8-067B8C375283}.Release|Any CPU.Build.0 = Release|Any CPU
		{C31AA7DB-756D-473B-BD66-E1248DC174A0}.Debug|Any CPU.ActiveCfg = Debug|Any CPU
		{C31AA7DB-756D-473B-BD66-E1248DC174A0}.Debug|Any CPU.Build.0 = Debug|Any CPU
		{C31AA7DB-756D-473B-BD66-E1248DC174A0}.Release|Any CPU.ActiveCfg = Release|Any CPU
		{C31AA7DB-756D-473B-BD66-E1248DC174A0}.Release|Any CPU.Build.0 = Release|Any CPU
	EndGlobalSection
EndGlobal
